<?xml version="1.0" encoding="utf-8"?>
<Project ToolsVersion="4.0" xmlns="http://schemas.microsoft.com/developer/msbuild/2003">
  <ItemGroup>
    <Filter Include="Resource Files">
      <UniqueIdentifier>{67DA6AB6-F800-4c08-8B7A-83BB121AAD01}</UniqueIdentifier>
      <Extensions>rc;ico;cur;bmp;dlg;rc2;rct;bin;rgs;gif;jpg;jpeg;jpe;resx;tiff;tif;png;wav</Extensions>
    </Filter>
    <Filter Include="src">
      <UniqueIdentifier>{2dff8a6a-b0d7-4a8a-ba58-1c57ec667d3f}</UniqueIdentifier>
    </Filter>
    <Filter Include="src\Utils">
      <UniqueIdentifier>{31ad3de6-e923-4900-bd14-28b565abf4f8}</UniqueIdentifier>
    </Filter>
    <Filter Include="src\Elements">
      <UniqueIdentifier>{cdad0f2c-99bf-440c-ade7-260288aeed8c}</UniqueIdentifier>
    </Filter>
    <Filter Include="src\Views">
      <UniqueIdentifier>{9c53b1ec-27fd-4802-a30f-ab44f2e7a948}</UniqueIdentifier>
    </Filter>
    <Filter Include="src\Views\Wizards">
      <UniqueIdentifier>{cff4d851-a802-4299-aa65-8d640740ba01}</UniqueIdentifier>
    </Filter>
    <Filter Include="src\Views\Outline">
      <UniqueIdentifier>{dce3321b-8395-4942-ab55-58799038b947}</UniqueIdentifier>
    </Filter>
    <Filter Include="src\Views\Outline\Corkboard">
      <UniqueIdentifier>{7d4f757f-77f3-476c-b4f6-83d81e3319ae}</UniqueIdentifier>
    </Filter>
    <Filter Include="src\Controls">
      <UniqueIdentifier>{15efa793-a9c7-4da1-aca3-4cdae6a9e8cd}</UniqueIdentifier>
    </Filter>
    <Filter Include="src\Views\Elements">
      <UniqueIdentifier>{aae61970-b63c-4a2d-a90e-21d5ead385f8}</UniqueIdentifier>
    </Filter>
    <Filter Include="src\Views\Overview">
      <UniqueIdentifier>{7f1f2ee5-217d-4770-8389-b2688ba31b5d}</UniqueIdentifier>
    </Filter>
    <Filter Include="src\Views\Release">
      <UniqueIdentifier>{8627e203-2173-417d-ae74-400e7dd8e873}</UniqueIdentifier>
    </Filter>
    <Filter Include="src\Database">
      <UniqueIdentifier>{aa2bc999-bd57-4847-9222-cf28abe705df}</UniqueIdentifier>
    </Filter>
    <Filter Include="src\Views\Story">
      <UniqueIdentifier>{a5e7ed2b-d7ba-4f62-956d-fad0897b8df4}</UniqueIdentifier>
    </Filter>
    <Filter Include="src\Views\StoryWriter">
      <UniqueIdentifier>{c09b4be7-64c3-4e2f-93db-0648d567ac60}</UniqueIdentifier>
    </Filter>
    <Filter Include="src\Views\Outline\Timeline">
      <UniqueIdentifier>{cc90978d-6896-4eb9-a32f-3f520306cc27}</UniqueIdentifier>
    </Filter>
  </ItemGroup>
  <ItemGroup>
    <ResourceCompile Include="Resource\resource.rc">
      <Filter>Resource Files</Filter>
    </ResourceCompile>
  </ItemGroup>
  <ItemGroup>
    <None Include="..\resource.bin">
      <Filter>Resource Files</Filter>
    </None>
    <None Include="cpp.hint" />
  </ItemGroup>
  <ItemGroup>
    <ClInclude Include="src\Database\SQLEntry.h">
      <Filter>src\Database</Filter>
    </ClInclude>
    <ClInclude Include="src\Utils\amUtility.h">
      <Filter>src\Utils</Filter>
    </ClInclude>
    <ClInclude Include="src\Elements\BookElements.h">
      <Filter>src\Elements</Filter>
    </ClInclude>
    <ClInclude Include="src\Views\Wizards\BookWizard.h">
      <Filter>src\Views\Wizards</Filter>
    </ClInclude>
    <ClInclude Include="src\Views\Outline\Corkboard\Corkboard.h">
      <Filter>src\Views\Outline\Corkboard</Filter>
    </ClInclude>
    <ClInclude Include="src\Views\Outline\Corkboard\CorkboardShapes.h">
      <Filter>src\Views\Outline\Corkboard</Filter>
    </ClInclude>
    <ClInclude Include="src\Views\Elements\DocumentCreator.h">
      <Filter>src\Views\Elements</Filter>
    </ClInclude>
    <ClInclude Include="src\Controls\DragList.h">
      <Filter>src\Controls</Filter>
    </ClInclude>
    <ClInclude Include="src\Views\Elements\ElementCreators.h">
      <Filter>src\Views\Elements</Filter>
    </ClInclude>
    <ClInclude Include="src\Views\Elements\ElementShowcases.h">
      <Filter>src\Views\Elements</Filter>
    </ClInclude>
    <ClInclude Include="src\Views\Elements\ElementsNotebook.h">
      <Filter>src\Views\Elements</Filter>
    </ClInclude>
    <ClInclude Include="src\Controls\ImagePanel.h">
      <Filter>src\Controls</Filter>
    </ClInclude>
    <ClInclude Include="src\Views\MainFrame.h">
      <Filter>src\Views</Filter>
    </ClInclude>
    <ClInclude Include="src\MyApp.h">
      <Filter>src</Filter>
    </ClInclude>
    <ClInclude Include="src\Views\Outline\Outline.h">
      <Filter>src\Views\Outline</Filter>
    </ClInclude>
    <ClInclude Include="src\Views\Outline\OutlineFiles.h">
      <Filter>src\Views\Outline</Filter>
    </ClInclude>
    <ClInclude Include="src\Views\Overview\Overview.h">
      <Filter>src\Views\Overview</Filter>
    </ClInclude>
    <ClInclude Include="src\ProjectManaging.h">
      <Filter>src</Filter>
    </ClInclude>
    <ClInclude Include="src\Views\Wizards\ProjectWizard.h">
      <Filter>src\Views\Wizards</Filter>
    </ClInclude>
    <ClInclude Include="src\Views\Release\Release.h">
      <Filter>src\Views\Release</Filter>
    </ClInclude>
    <ClInclude Include="src\Utils\SortFunctions.h">
      <Filter>src\Utils</Filter>
    </ClInclude>
    <ClInclude Include="src\Elements\StoryElements.h">
      <Filter>src\Elements</Filter>
    </ClInclude>
    <ClInclude Include="src\Views\Story\StoryNotebook.h">
      <Filter>src\Views\Story</Filter>
    </ClInclude>
    <ClInclude Include="src\Views\StoryWriter\StoryWriter.h">
      <Filter>src\Views\StoryWriter</Filter>
    </ClInclude>
    <ClInclude Include="src\Controls\SwitchCtrl.h">
      <Filter>src\Controls</Filter>
    </ClInclude>
    <ClInclude Include="src\Views\Outline\Timeline\Timeline.h">
      <Filter>src\Views\Outline\Timeline</Filter>
    </ClInclude>
    <ClInclude Include="src\Views\Outline\Timeline\TimelineDialogs.h">
      <Filter>src\Views\Outline\Timeline</Filter>
    </ClInclude>
    <ClInclude Include="src\Views\Outline\Timeline\TimelineShapes.h">
      <Filter>src\Views\Outline\Timeline</Filter>
    </ClInclude>
    <ClInclude Include="src\Controls\WordProcessor.h">
      <Filter>src\Controls</Filter>
    </ClInclude>
    <ClInclude Include="src\Utils\wxmemdbg.h">
      <Filter>src\Utils</Filter>
    </ClInclude>
  </ItemGroup>
  <ItemGroup>
    <ClCompile Include="src\Utils\amUtility.cpp">
      <Filter>src\Utils</Filter>
    </ClCompile>
    <ClCompile Include="src\Elements\BookElements.cpp">
      <Filter>src\Elements</Filter>
    </ClCompile>
    <ClCompile Include="src\Views\Wizards\BookWizard.cpp">
      <Filter>src\Views\Wizards</Filter>
    </ClCompile>
    <ClCompile Include="src\Views\Outline\Corkboard\Corkboard.cpp">
      <Filter>src\Views\Outline\Corkboard</Filter>
    </ClCompile>
    <ClCompile Include="src\Views\Outline\Corkboard\CorkboardShapes.cpp">
      <Filter>src\Views\Outline\Corkboard</Filter>
    </ClCompile>
    <ClCompile Include="src\Controls\DragList.cpp">
      <Filter>src\Controls</Filter>
    </ClCompile>
    <ClCompile Include="src\Views\Elements\ElementCreators.cpp">
      <Filter>src\Views\Elements</Filter>
    </ClCompile>
    <ClCompile Include="src\Views\Elements\ElementShowcases.cpp">
      <Filter>src\Views\Elements</Filter>
    </ClCompile>
    <ClCompile Include="src\Views\Elements\ElementsNotebook.cpp">
      <Filter>src\Views\Elements</Filter>
    </ClCompile>
    <ClCompile Include="src\Controls\ImagePanel.cpp">
      <Filter>src\Controls</Filter>
    </ClCompile>
    <ClCompile Include="src\Views\MainFrame.cpp">
      <Filter>src\Views</Filter>
    </ClCompile>
    <ClCompile Include="src\MyApp.cpp">
      <Filter>src</Filter>
    </ClCompile>
    <ClCompile Include="src\Views\Outline\Outline.cpp">
      <Filter>src\Views\Outline</Filter>
    </ClCompile>
    <ClCompile Include="src\Views\Outline\OutlineFiles.cpp">
      <Filter>src\Views\Outline</Filter>
    </ClCompile>
    <ClCompile Include="src\Views\Overview\Overview.cpp">
      <Filter>src\Views\Overview</Filter>
    </ClCompile>
    <ClCompile Include="src\ProjectManaging.cpp">
      <Filter>src</Filter>
    </ClCompile>
    <ClCompile Include="src\Views\Wizards\ProjectWizard.cpp">
      <Filter>src\Views\Wizards</Filter>
    </ClCompile>
    <ClCompile Include="src\Views\Release\Release.cpp">
      <Filter>src\Views\Release</Filter>
    </ClCompile>
    <ClCompile Include="src\Elements\StoryElements.cpp">
      <Filter>src\Elements</Filter>
    </ClCompile>
    <ClCompile Include="src\Views\Story\StoryNotebook.cpp">
      <Filter>src\Views\Story</Filter>
    </ClCompile>
    <ClCompile Include="src\Views\StoryWriter\StoryWriter.cpp">
      <Filter>src\Views\StoryWriter</Filter>
    </ClCompile>
    <ClCompile Include="src\Controls\SwitchCtrl.cpp">
      <Filter>src\Controls</Filter>
    </ClCompile>
    <ClCompile Include="src\Views\Outline\Timeline\Timeline.cpp">
      <Filter>src\Views\Outline\Timeline</Filter>
    </ClCompile>
    <ClCompile Include="src\Views\Outline\Timeline\TimelineDialogs.cpp">
      <Filter>src\Views\Outline\Timeline</Filter>
    </ClCompile>
    <ClCompile Include="src\Views\Outline\Timeline\TimelineShapes.cpp">
      <Filter>src\Views\Outline\Timeline</Filter>
    </ClCompile>
    <ClCompile Include="src\Controls\WordProcessor.cpp">
      <Filter>src\Controls</Filter>
    </ClCompile>
    <ClCompile Include="src\Views\Elements\DocumentCreator.cpp">
      <Filter>src\Views\Elements</Filter>
    </ClCompile>
  </ItemGroup>
</Project>