Microsoft Visual Studio Solution File, Format Version 12.00
# Visual Studio Version 16
VisualStudioVersion = 16.0.30406.217
MinimumVisualStudioVersion = 10.0.40219.1
Project("{8BC9CEB8-8B4A-11D0-8D11-00A0C91BC942}") = "Amadeus", "Amadeus.vcxproj", "{853D1FD7-20AB-586C-9699-9680F84AC985}"
	ProjectSection(ProjectDependencies) = postProject
		{39FAAE7A-A564-63F1-EEA2-14975A4C4146} = {39FAAE7A-A564-63F1-EEA2-14975A4C4146}
		{5399D8A0-844A-754F-9685-9FE2361D8054} = {5399D8A0-844A-754F-9685-9FE2361D8054}
	EndProjectSection
EndProject
Project("{8BC9CEB8-8B4A-11D0-8D11-00A0C91BC942}") = "wxSQLite3", "sdk\wxSQLite3\wxSQLite3.vcxproj", "{39FAAE7A-A564-63F1-EEA2-14975A4C4146}"
EndProject
Project("{8BC9CEB8-8B4A-11D0-8D11-00A0C91BC942}") = "wxShapeFramework", "sdk\wxShapeFramework\wxShapeFramework.vcxproj", "{5399D8A0-844A-754F-9685-9FE2361D8054}"
EndProject
Global
	GlobalSection(SolutionConfigurationPlatforms) = preSolution
		Debug DLL Win64|ARM = Debug DLL Win64|ARM
		Debug DLL Win64|ARM64 = Debug DLL Win64|ARM64
		Debug DLL Win64|Win32 = Debug DLL Win64|Win32
		Debug DLL Win64|x64 = Debug DLL Win64|x64
		Debug DLL|ARM = Debug DLL|ARM
		Debug DLL|ARM64 = Debug DLL|ARM64
		Debug DLL|Win32 = Debug DLL|Win32
		Debug DLL|x64 = Debug DLL|x64
		Debug Win64|ARM = Debug Win64|ARM
		Debug Win64|ARM64 = Debug Win64|ARM64
		Debug Win64|Win32 = Debug Win64|Win32
		Debug Win64|x64 = Debug Win64|x64
		Debug wxDLL Win64|ARM = Debug wxDLL Win64|ARM
		Debug wxDLL Win64|ARM64 = Debug wxDLL Win64|ARM64
		Debug wxDLL Win64|Win32 = Debug wxDLL Win64|Win32
		Debug wxDLL Win64|x64 = Debug wxDLL Win64|x64
		Debug wxDLL|ARM = Debug wxDLL|ARM
		Debug wxDLL|ARM64 = Debug wxDLL|ARM64
		Debug wxDLL|Win32 = Debug wxDLL|Win32
		Debug wxDLL|x64 = Debug wxDLL|x64
		Debug|ARM = Debug|ARM
		Debug|ARM64 = Debug|ARM64
		Debug|Win32 = Debug|Win32
		Debug|x64 = Debug|x64
		DLL Debug|ARM = DLL Debug|ARM
		DLL Debug|ARM64 = DLL Debug|ARM64
		DLL Debug|Win32 = DLL Debug|Win32
		DLL Debug|x64 = DLL Debug|x64
		DLL Release|ARM = DLL Release|ARM
		DLL Release|ARM64 = DLL Release|ARM64
		DLL Release|Win32 = DLL Release|Win32
		DLL Release|x64 = DLL Release|x64
		Release DLL Win64|ARM = Release DLL Win64|ARM
		Release DLL Win64|ARM64 = Release DLL Win64|ARM64
		Release DLL Win64|Win32 = Release DLL Win64|Win32
		Release DLL Win64|x64 = Release DLL Win64|x64
		Release DLL|ARM = Release DLL|ARM
		Release DLL|ARM64 = Release DLL|ARM64
		Release DLL|Win32 = Release DLL|Win32
		Release DLL|x64 = Release DLL|x64
		Release Win64|ARM = Release Win64|ARM
		Release Win64|ARM64 = Release Win64|ARM64
		Release Win64|Win32 = Release Win64|Win32
		Release Win64|x64 = Release Win64|x64
		Release wxDLL Win64|ARM = Release wxDLL Win64|ARM
		Release wxDLL Win64|ARM64 = Release wxDLL Win64|ARM64
		Release wxDLL Win64|Win32 = Release wxDLL Win64|Win32
		Release wxDLL Win64|x64 = Release wxDLL Win64|x64
		Release wxDLL|ARM = Release wxDLL|ARM
		Release wxDLL|ARM64 = Release wxDLL|ARM64
		Release wxDLL|Win32 = Release wxDLL|Win32
		Release wxDLL|x64 = Release wxDLL|x64
		Release|ARM = Release|ARM
		Release|ARM64 = Release|ARM64
		Release|Win32 = Release|Win32
		Release|x64 = Release|x64
	EndGlobalSection
	GlobalSection(ProjectConfigurationPlatforms) = postSolution
		{853D1FD7-20AB-586C-9699-9680F84AC985}.Debug DLL Win64|ARM.ActiveCfg = Release|x64
		{853D1FD7-20AB-586C-9699-9680F84AC985}.Debug DLL Win64|ARM.Build.0 = Release|x64
		{853D1FD7-20AB-586C-9699-9680F84AC985}.Debug DLL Win64|ARM64.ActiveCfg = Release|x64
		{853D1FD7-20AB-586C-9699-9680F84AC985}.Debug DLL Win64|ARM64.Build.0 = Release|x64
		{853D1FD7-20AB-586C-9699-9680F84AC985}.Debug DLL Win64|Win32.ActiveCfg = Debug|Win32
		{853D1FD7-20AB-586C-9699-9680F84AC985}.Debug DLL Win64|Win32.Build.0 = Debug|Win32
		{853D1FD7-20AB-586C-9699-9680F84AC985}.Debug DLL Win64|x64.ActiveCfg = Debug|x64
		{853D1FD7-20AB-586C-9699-9680F84AC985}.Debug DLL Win64|x64.Build.0 = Debug|x64
		{853D1FD7-20AB-586C-9699-9680F84AC985}.Debug DLL|ARM.ActiveCfg = Release|x64
		{853D1FD7-20AB-586C-9699-9680F84AC985}.Debug DLL|ARM.Build.0 = Release|x64
		{853D1FD7-20AB-586C-9699-9680F84AC985}.Debug DLL|ARM64.ActiveCfg = Release|x64
		{853D1FD7-20AB-586C-9699-9680F84AC985}.Debug DLL|ARM64.Build.0 = Release|x64
		{853D1FD7-20AB-586C-9699-9680F84AC985}.Debug DLL|Win32.ActiveCfg = Debug|Win32
		{853D1FD7-20AB-586C-9699-9680F84AC985}.Debug DLL|Win32.Build.0 = Debug|Win32
		{853D1FD7-20AB-586C-9699-9680F84AC985}.Debug DLL|x64.ActiveCfg = Debug|x64
		{853D1FD7-20AB-586C-9699-9680F84AC985}.Debug DLL|x64.Build.0 = Debug|x64
		{853D1FD7-20AB-586C-9699-9680F84AC985}.Debug Win64|ARM.ActiveCfg = Release|x64
		{853D1FD7-20AB-586C-9699-9680F84AC985}.Debug Win64|ARM.Build.0 = Release|x64
		{853D1FD7-20AB-586C-9699-9680F84AC985}.Debug Win64|ARM64.ActiveCfg = Release|x64
		{853D1FD7-20AB-586C-9699-9680F84AC985}.Debug Win64|ARM64.Build.0 = Release|x64
		{853D1FD7-20AB-586C-9699-9680F84AC985}.Debug Win64|Win32.ActiveCfg = Debug|Win32
		{853D1FD7-20AB-586C-9699-9680F84AC985}.Debug Win64|Win32.Build.0 = Debug|Win32
		{853D1FD7-20AB-586C-9699-9680F84AC985}.Debug Win64|x64.ActiveCfg = Debug|x64
		{853D1FD7-20AB-586C-9699-9680F84AC985}.Debug Win64|x64.Build.0 = Debug|x64
		{853D1FD7-20AB-586C-9699-9680F84AC985}.Debug wxDLL Win64|ARM.ActiveCfg = Release|x64
		{853D1FD7-20AB-586C-9699-9680F84AC985}.Debug wxDLL Win64|ARM.Build.0 = Release|x64
		{853D1FD7-20AB-586C-9699-9680F84AC985}.Debug wxDLL Win64|ARM64.ActiveCfg = Release|x64
		{853D1FD7-20AB-586C-9699-9680F84AC985}.Debug wxDLL Win64|ARM64.Build.0 = Release|x64
		{853D1FD7-20AB-586C-9699-9680F84AC985}.Debug wxDLL Win64|Win32.ActiveCfg = Debug|Win32
		{853D1FD7-20AB-586C-9699-9680F84AC985}.Debug wxDLL Win64|Win32.Build.0 = Debug|Win32
		{853D1FD7-20AB-586C-9699-9680F84AC985}.Debug wxDLL Win64|x64.ActiveCfg = Debug|x64
		{853D1FD7-20AB-586C-9699-9680F84AC985}.Debug wxDLL Win64|x64.Build.0 = Debug|x64
		{853D1FD7-20AB-586C-9699-9680F84AC985}.Debug wxDLL|ARM.ActiveCfg = Release|x64
		{853D1FD7-20AB-586C-9699-9680F84AC985}.Debug wxDLL|ARM.Build.0 = Release|x64
		{853D1FD7-20AB-586C-9699-9680F84AC985}.Debug wxDLL|ARM64.ActiveCfg = Release|x64
		{853D1FD7-20AB-586C-9699-9680F84AC985}.Debug wxDLL|ARM64.Build.0 = Release|x64
		{853D1FD7-20AB-586C-9699-9680F84AC985}.Debug wxDLL|Win32.ActiveCfg = Debug|Win32
		{853D1FD7-20AB-586C-9699-9680F84AC985}.Debug wxDLL|Win32.Build.0 = Debug|Win32
		{853D1FD7-20AB-586C-9699-9680F84AC985}.Debug wxDLL|x64.ActiveCfg = Debug|x64
		{853D1FD7-20AB-586C-9699-9680F84AC985}.Debug wxDLL|x64.Build.0 = Debug|x64
		{853D1FD7-20AB-586C-9699-9680F84AC985}.Debug|ARM.ActiveCfg = Debug|Win32
		{853D1FD7-20AB-586C-9699-9680F84AC985}.Debug|ARM64.ActiveCfg = Debug|Win32
		{853D1FD7-20AB-586C-9699-9680F84AC985}.Debug|Win32.ActiveCfg = Debug|Win32
		{853D1FD7-20AB-586C-9699-9680F84AC985}.Debug|Win32.Build.0 = Debug|Win32
		{853D1FD7-20AB-586C-9699-9680F84AC985}.Debug|x64.ActiveCfg = Debug|x64
		{853D1FD7-20AB-586C-9699-9680F84AC985}.Debug|x64.Build.0 = Debug|x64
		{853D1FD7-20AB-586C-9699-9680F84AC985}.DLL Debug|ARM.ActiveCfg = DLL Debug|Win32
		{853D1FD7-20AB-586C-9699-9680F84AC985}.DLL Debug|ARM64.ActiveCfg = DLL Debug|Win32
		{853D1FD7-20AB-586C-9699-9680F84AC985}.DLL Debug|Win32.ActiveCfg = DLL Debug|Win32
		{853D1FD7-20AB-586C-9699-9680F84AC985}.DLL Debug|Win32.Build.0 = DLL Debug|Win32
		{853D1FD7-20AB-586C-9699-9680F84AC985}.DLL Debug|x64.ActiveCfg = DLL Debug|x64
		{853D1FD7-20AB-586C-9699-9680F84AC985}.DLL Debug|x64.Build.0 = DLL Debug|x64
		{853D1FD7-20AB-586C-9699-9680F84AC985}.DLL Release|ARM.ActiveCfg = DLL Release|Win32
		{853D1FD7-20AB-586C-9699-9680F84AC985}.DLL Release|ARM64.ActiveCfg = DLL Release|Win32
		{853D1FD7-20AB-586C-9699-9680F84AC985}.DLL Release|Win32.ActiveCfg = DLL Release|Win32
		{853D1FD7-20AB-586C-9699-9680F84AC985}.DLL Release|Win32.Build.0 = DLL Release|Win32
		{853D1FD7-20AB-586C-9699-9680F84AC985}.DLL Release|x64.ActiveCfg = DLL Release|x64
		{853D1FD7-20AB-586C-9699-9680F84AC985}.DLL Release|x64.Build.0 = DLL Release|x64
		{853D1FD7-20AB-586C-9699-9680F84AC985}.Release DLL Win64|ARM.ActiveCfg = Release|x64
		{853D1FD7-20AB-586C-9699-9680F84AC985}.Release DLL Win64|ARM.Build.0 = Release|x64
		{853D1FD7-20AB-586C-9699-9680F84AC985}.Release DLL Win64|ARM64.ActiveCfg = Release|x64
		{853D1FD7-20AB-586C-9699-9680F84AC985}.Release DLL Win64|ARM64.Build.0 = Release|x64
		{853D1FD7-20AB-586C-9699-9680F84AC985}.Release DLL Win64|Win32.ActiveCfg = Release|Win32
		{853D1FD7-20AB-586C-9699-9680F84AC985}.Release DLL Win64|Win32.Build.0 = Release|Win32
		{853D1FD7-20AB-586C-9699-9680F84AC985}.Release DLL Win64|x64.ActiveCfg = Release|x64
		{853D1FD7-20AB-586C-9699-9680F84AC985}.Release DLL Win64|x64.Build.0 = Release|x64
		{853D1FD7-20AB-586C-9699-9680F84AC985}.Release DLL|ARM.ActiveCfg = Release|x64
		{853D1FD7-20AB-586C-9699-9680F84AC985}.Release DLL|ARM.Build.0 = Release|x64
		{853D1FD7-20AB-586C-9699-9680F84AC985}.Release DLL|ARM64.ActiveCfg = Release|x64
		{853D1FD7-20AB-586C-9699-9680F84AC985}.Release DLL|ARM64.Build.0 = Release|x64
		{853D1FD7-20AB-586C-9699-9680F84AC985}.Release DLL|Win32.ActiveCfg = Release|Win32
		{853D1FD7-20AB-586C-9699-9680F84AC985}.Release DLL|Win32.Build.0 = Release|Win32
		{853D1FD7-20AB-586C-9699-9680F84AC985}.Release DLL|x64.ActiveCfg = Release|x64
		{853D1FD7-20AB-586C-9699-9680F84AC985}.Release DLL|x64.Build.0 = Release|x64
		{853D1FD7-20AB-586C-9699-9680F84AC985}.Release Win64|ARM.ActiveCfg = Release|x64
		{853D1FD7-20AB-586C-9699-9680F84AC985}.Release Win64|ARM.Build.0 = Release|x64
		{853D1FD7-20AB-586C-9699-9680F84AC985}.Release Win64|ARM64.ActiveCfg = Release|x64
		{853D1FD7-20AB-586C-9699-9680F84AC985}.Release Win64|ARM64.Build.0 = Release|x64
		{853D1FD7-20AB-586C-9699-9680F84AC985}.Release Win64|Win32.ActiveCfg = Release|Win32
		{853D1FD7-20AB-586C-9699-9680F84AC985}.Release Win64|Win32.Build.0 = Release|Win32
		{853D1FD7-20AB-586C-9699-9680F84AC985}.Release Win64|x64.ActiveCfg = Release|x64
		{853D1FD7-20AB-586C-9699-9680F84AC985}.Release Win64|x64.Build.0 = Release|x64
		{853D1FD7-20AB-586C-9699-9680F84AC985}.Release wxDLL Win64|ARM.ActiveCfg = Release|x64
		{853D1FD7-20AB-586C-9699-9680F84AC985}.Release wxDLL Win64|ARM.Build.0 = Release|x64
		{853D1FD7-20AB-586C-9699-9680F84AC985}.Release wxDLL Win64|ARM64.ActiveCfg = Release|x64
		{853D1FD7-20AB-586C-9699-9680F84AC985}.Release wxDLL Win64|ARM64.Build.0 = Release|x64
		{853D1FD7-20AB-586C-9699-9680F84AC985}.Release wxDLL Win64|Win32.ActiveCfg = Release|Win32
		{853D1FD7-20AB-586C-9699-9680F84AC985}.Release wxDLL Win64|Win32.Build.0 = Release|Win32
		{853D1FD7-20AB-586C-9699-9680F84AC985}.Release wxDLL Win64|x64.ActiveCfg = Release|x64
		{853D1FD7-20AB-586C-9699-9680F84AC985}.Release wxDLL Win64|x64.Build.0 = Release|x64
		{853D1FD7-20AB-586C-9699-9680F84AC985}.Release wxDLL|ARM.ActiveCfg = Release|x64
		{853D1FD7-20AB-586C-9699-9680F84AC985}.Release wxDLL|ARM.Build.0 = Release|x64
		{853D1FD7-20AB-586C-9699-9680F84AC985}.Release wxDLL|ARM64.ActiveCfg = Release|x64
		{853D1FD7-20AB-586C-9699-9680F84AC985}.Release wxDLL|ARM64.Build.0 = Release|x64
		{853D1FD7-20AB-586C-9699-9680F84AC985}.Release wxDLL|Win32.ActiveCfg = Release|Win32
		{853D1FD7-20AB-586C-9699-9680F84AC985}.Release wxDLL|Win32.Build.0 = Release|Win32
		{853D1FD7-20AB-586C-9699-9680F84AC985}.Release wxDLL|x64.ActiveCfg = Release|x64
		{853D1FD7-20AB-586C-9699-9680F84AC985}.Release wxDLL|x64.Build.0 = Release|x64
		{853D1FD7-20AB-586C-9699-9680F84AC985}.Release|ARM.ActiveCfg = Release|Win32
		{853D1FD7-20AB-586C-9699-9680F84AC985}.Release|ARM64.ActiveCfg = Release|Win32
		{853D1FD7-20AB-586C-9699-9680F84AC985}.Release|Win32.ActiveCfg = Release|Win32
		{853D1FD7-20AB-586C-9699-9680F84AC985}.Release|Win32.Build.0 = Release|Win32
		{853D1FD7-20AB-586C-9699-9680F84AC985}.Release|x64.ActiveCfg = Release|x64
		{853D1FD7-20AB-586C-9699-9680F84AC985}.Release|x64.Build.0 = Release|x64
		{39FAAE7A-A564-63F1-EEA2-14975A4C4146}.Debug DLL Win64|ARM.ActiveCfg = Debug DLL Win64|Win32
		{39FAAE7A-A564-63F1-EEA2-14975A4C4146}.Debug DLL Win64|ARM64.ActiveCfg = Debug DLL Win64|Win32
		{39FAAE7A-A564-63F1-EEA2-14975A4C4146}.Debug DLL Win64|Win32.ActiveCfg = Debug DLL Win64|Win32
		{39FAAE7A-A564-63F1-EEA2-14975A4C4146}.Debug DLL Win64|Win32.Build.0 = Debug DLL Win64|Win32
		{39FAAE7A-A564-63F1-EEA2-14975A4C4146}.Debug DLL Win64|x64.ActiveCfg = Debug DLL Win64|x64
		{39FAAE7A-A564-63F1-EEA2-14975A4C4146}.Debug DLL Win64|x64.Build.0 = Debug DLL Win64|x64
		{39FAAE7A-A564-63F1-EEA2-14975A4C4146}.Debug DLL|ARM.ActiveCfg = Debug DLL|Win32
		{39FAAE7A-A564-63F1-EEA2-14975A4C4146}.Debug DLL|ARM64.ActiveCfg = Debug DLL|Win32
		{39FAAE7A-A564-63F1-EEA2-14975A4C4146}.Debug DLL|Win32.ActiveCfg = Debug DLL|Win32
		{39FAAE7A-A564-63F1-EEA2-14975A4C4146}.Debug DLL|Win32.Build.0 = Debug DLL|Win32
		{39FAAE7A-A564-63F1-EEA2-14975A4C4146}.Debug DLL|x64.ActiveCfg = Debug DLL|x64
		{39FAAE7A-A564-63F1-EEA2-14975A4C4146}.Debug DLL|x64.Build.0 = Debug DLL|x64
		{39FAAE7A-A564-63F1-EEA2-14975A4C4146}.Debug Win64|ARM.ActiveCfg = Debug Win64|Win32
		{39FAAE7A-A564-63F1-EEA2-14975A4C4146}.Debug Win64|ARM64.ActiveCfg = Debug Win64|Win32
		{39FAAE7A-A564-63F1-EEA2-14975A4C4146}.Debug Win64|Win32.ActiveCfg = Debug Win64|Win32
		{39FAAE7A-A564-63F1-EEA2-14975A4C4146}.Debug Win64|Win32.Build.0 = Debug Win64|Win32
		{39FAAE7A-A564-63F1-EEA2-14975A4C4146}.Debug Win64|x64.ActiveCfg = Debug Win64|x64
		{39FAAE7A-A564-63F1-EEA2-14975A4C4146}.Debug Win64|x64.Build.0 = Debug Win64|x64
		{39FAAE7A-A564-63F1-EEA2-14975A4C4146}.Debug wxDLL Win64|ARM.ActiveCfg = Debug wxDLL Win64|Win32
		{39FAAE7A-A564-63F1-EEA2-14975A4C4146}.Debug wxDLL Win64|ARM64.ActiveCfg = Debug wxDLL Win64|Win32
		{39FAAE7A-A564-63F1-EEA2-14975A4C4146}.Debug wxDLL Win64|Win32.ActiveCfg = Debug wxDLL Win64|Win32
		{39FAAE7A-A564-63F1-EEA2-14975A4C4146}.Debug wxDLL Win64|Win32.Build.0 = Debug wxDLL Win64|Win32
		{39FAAE7A-A564-63F1-EEA2-14975A4C4146}.Debug wxDLL Win64|x64.ActiveCfg = Debug wxDLL Win64|x64
		{39FAAE7A-A564-63F1-EEA2-14975A4C4146}.Debug wxDLL Win64|x64.Build.0 = Debug wxDLL Win64|x64
		{39FAAE7A-A564-63F1-EEA2-14975A4C4146}.Debug wxDLL|ARM.ActiveCfg = Debug wxDLL|Win32
		{39FAAE7A-A564-63F1-EEA2-14975A4C4146}.Debug wxDLL|ARM64.ActiveCfg = Debug wxDLL|Win32
		{39FAAE7A-A564-63F1-EEA2-14975A4C4146}.Debug wxDLL|Win32.ActiveCfg = Debug wxDLL|Win32
		{39FAAE7A-A564-63F1-EEA2-14975A4C4146}.Debug wxDLL|Win32.Build.0 = Debug wxDLL|Win32
		{39FAAE7A-A564-63F1-EEA2-14975A4C4146}.Debug wxDLL|x64.ActiveCfg = Debug wxDLL|x64
		{39FAAE7A-A564-63F1-EEA2-14975A4C4146}.Debug wxDLL|x64.Build.0 = Debug wxDLL|x64
		{39FAAE7A-A564-63F1-EEA2-14975A4C4146}.Debug|ARM.ActiveCfg = Debug|Win32
		{39FAAE7A-A564-63F1-EEA2-14975A4C4146}.Debug|ARM64.ActiveCfg = Debug|Win32
		{39FAAE7A-A564-63F1-EEA2-14975A4C4146}.Debug|Win32.ActiveCfg = Debug|Win32
		{39FAAE7A-A564-63F1-EEA2-14975A4C4146}.Debug|Win32.Build.0 = Debug|Win32
		{39FAAE7A-A564-63F1-EEA2-14975A4C4146}.Debug|x64.ActiveCfg = Debug|x64
		{39FAAE7A-A564-63F1-EEA2-14975A4C4146}.Debug|x64.Build.0 = Debug|x64
		{39FAAE7A-A564-63F1-EEA2-14975A4C4146}.DLL Debug|ARM.ActiveCfg = Debug|Win32
		{39FAAE7A-A564-63F1-EEA2-14975A4C4146}.DLL Debug|ARM.Build.0 = Debug|Win32
		{39FAAE7A-A564-63F1-EEA2-14975A4C4146}.DLL Debug|ARM64.ActiveCfg = Debug|Win32
		{39FAAE7A-A564-63F1-EEA2-14975A4C4146}.DLL Debug|ARM64.Build.0 = Debug|Win32
		{39FAAE7A-A564-63F1-EEA2-14975A4C4146}.DLL Debug|Win32.ActiveCfg = Debug|Win32
		{39FAAE7A-A564-63F1-EEA2-14975A4C4146}.DLL Debug|Win32.Build.0 = Debug|Win32
		{39FAAE7A-A564-63F1-EEA2-14975A4C4146}.DLL Debug|x64.ActiveCfg = Debug|x64
		{39FAAE7A-A564-63F1-EEA2-14975A4C4146}.DLL Debug|x64.Build.0 = Debug|x64
		{39FAAE7A-A564-63F1-EEA2-14975A4C4146}.DLL Release|ARM.ActiveCfg = Debug|Win32
		{39FAAE7A-A564-63F1-EEA2-14975A4C4146}.DLL Release|ARM.Build.0 = Debug|Win32
		{39FAAE7A-A564-63F1-EEA2-14975A4C4146}.DLL Release|ARM64.ActiveCfg = Debug|Win32
		{39FAAE7A-A564-63F1-EEA2-14975A4C4146}.DLL Release|ARM64.Build.0 = Debug|Win32
		{39FAAE7A-A564-63F1-EEA2-14975A4C4146}.DLL Release|Win32.ActiveCfg = Release|Win32
		{39FAAE7A-A564-63F1-EEA2-14975A4C4146}.DLL Release|Win32.Build.0 = Release|Win32
		{39FAAE7A-A564-63F1-EEA2-14975A4C4146}.DLL Release|x64.ActiveCfg = Release|x64
		{39FAAE7A-A564-63F1-EEA2-14975A4C4146}.DLL Release|x64.Build.0 = Release|x64
		{39FAAE7A-A564-63F1-EEA2-14975A4C4146}.Release DLL Win64|ARM.ActiveCfg = Release DLL Win64|Win32
		{39FAAE7A-A564-63F1-EEA2-14975A4C4146}.Release DLL Win64|ARM64.ActiveCfg = Release DLL Win64|Win32
		{39FAAE7A-A564-63F1-EEA2-14975A4C4146}.Release DLL Win64|Win32.ActiveCfg = Release DLL Win64|Win32
		{39FAAE7A-A564-63F1-EEA2-14975A4C4146}.Release DLL Win64|Win32.Build.0 = Release DLL Win64|Win32
		{39FAAE7A-A564-63F1-EEA2-14975A4C4146}.Release DLL Win64|x64.ActiveCfg = Release DLL Win64|x64
		{39FAAE7A-A564-63F1-EEA2-14975A4C4146}.Release DLL Win64|x64.Build.0 = Release DLL Win64|x64
		{39FAAE7A-A564-63F1-EEA2-14975A4C4146}.Release DLL|ARM.ActiveCfg = Release DLL|Win32
		{39FAAE7A-A564-63F1-EEA2-14975A4C4146}.Release DLL|ARM64.ActiveCfg = Release DLL|Win32
		{39FAAE7A-A564-63F1-EEA2-14975A4C4146}.Release DLL|Win32.ActiveCfg = Release DLL|Win32
		{39FAAE7A-A564-63F1-EEA2-14975A4C4146}.Release DLL|Win32.Build.0 = Release DLL|Win32
		{39FAAE7A-A564-63F1-EEA2-14975A4C4146}.Release DLL|x64.ActiveCfg = Release DLL|x64
		{39FAAE7A-A564-63F1-EEA2-14975A4C4146}.Release DLL|x64.Build.0 = Release DLL|x64
		{39FAAE7A-A564-63F1-EEA2-14975A4C4146}.Release Win64|ARM.ActiveCfg = Release Win64|Win32
		{39FAAE7A-A564-63F1-EEA2-14975A4C4146}.Release Win64|ARM64.ActiveCfg = Release Win64|Win32
		{39FAAE7A-A564-63F1-EEA2-14975A4C4146}.Release Win64|Win32.ActiveCfg = Release Win64|Win32
		{39FAAE7A-A564-63F1-EEA2-14975A4C4146}.Release Win64|Win32.Build.0 = Release Win64|Win32
		{39FAAE7A-A564-63F1-EEA2-14975A4C4146}.Release Win64|x64.ActiveCfg = Release Win64|x64
		{39FAAE7A-A564-63F1-EEA2-14975A4C4146}.Release Win64|x64.Build.0 = Release Win64|x64
		{39FAAE7A-A564-63F1-EEA2-14975A4C4146}.Release wxDLL Win64|ARM.ActiveCfg = Release wxDLL Win64|Win32
		{39FAAE7A-A564-63F1-EEA2-14975A4C4146}.Release wxDLL Win64|ARM64.ActiveCfg = Release wxDLL Win64|Win32
		{39FAAE7A-A564-63F1-EEA2-14975A4C4146}.Release wxDLL Win64|Win32.ActiveCfg = Release wxDLL Win64|Win32
		{39FAAE7A-A564-63F1-EEA2-14975A4C4146}.Release wxDLL Win64|Win32.Build.0 = Release wxDLL Win64|Win32
		{39FAAE7A-A564-63F1-EEA2-14975A4C4146}.Release wxDLL Win64|x64.ActiveCfg = Release wxDLL Win64|x64
		{39FAAE7A-A564-63F1-EEA2-14975A4C4146}.Release wxDLL Win64|x64.Build.0 = Release wxDLL Win64|x64
		{39FAAE7A-A564-63F1-EEA2-14975A4C4146}.Release wxDLL|ARM.ActiveCfg = Release wxDLL|Win32
		{39FAAE7A-A564-63F1-EEA2-14975A4C4146}.Release wxDLL|ARM64.ActiveCfg = Release wxDLL|Win32
		{39FAAE7A-A564-63F1-EEA2-14975A4C4146}.Release wxDLL|Win32.ActiveCfg = Release wxDLL|Win32
		{39FAAE7A-A564-63F1-EEA2-14975A4C4146}.Release wxDLL|Win32.Build.0 = Release wxDLL|Win32
		{39FAAE7A-A564-63F1-EEA2-14975A4C4146}.Release wxDLL|x64.ActiveCfg = Release wxDLL|x64
		{39FAAE7A-A564-63F1-EEA2-14975A4C4146}.Release wxDLL|x64.Build.0 = Release wxDLL|x64
		{39FAAE7A-A564-63F1-EEA2-14975A4C4146}.Release|ARM.ActiveCfg = Release|Win32
		{39FAAE7A-A564-63F1-EEA2-14975A4C4146}.Release|ARM64.ActiveCfg = Release|Win32
		{39FAAE7A-A564-63F1-EEA2-14975A4C4146}.Release|Win32.ActiveCfg = Release|Win32
		{39FAAE7A-A564-63F1-EEA2-14975A4C4146}.Release|Win32.Build.0 = Release|Win32
		{39FAAE7A-A564-63F1-EEA2-14975A4C4146}.Release|x64.ActiveCfg = Release|x64
		{39FAAE7A-A564-63F1-EEA2-14975A4C4146}.Release|x64.Build.0 = Release|x64
		{5399D8A0-844A-754F-9685-9FE2361D8054}.Debug DLL Win64|ARM.ActiveCfg = Debug|Win32
		{5399D8A0-844A-754F-9685-9FE2361D8054}.Debug DLL Win64|ARM.Build.0 = Debug|Win32
		{5399D8A0-844A-754F-9685-9FE2361D8054}.Debug DLL Win64|ARM64.ActiveCfg = Debug|Win32
		{5399D8A0-844A-754F-9685-9FE2361D8054}.Debug DLL Win64|ARM64.Build.0 = Debug|Win32
		{5399D8A0-844A-754F-9685-9FE2361D8054}.Debug DLL Win64|Win32.ActiveCfg = Debug|Win32
		{5399D8A0-844A-754F-9685-9FE2361D8054}.Debug DLL Win64|Win32.Build.0 = Debug|Win32
		{5399D8A0-844A-754F-9685-9FE2361D8054}.Debug DLL Win64|x64.ActiveCfg = Debug|Win32
		{5399D8A0-844A-754F-9685-9FE2361D8054}.Debug DLL Win64|x64.Build.0 = Debug|Win32
		{5399D8A0-844A-754F-9685-9FE2361D8054}.Debug DLL|ARM.ActiveCfg = Debug|Win32
		{5399D8A0-844A-754F-9685-9FE2361D8054}.Debug DLL|ARM.Build.0 = Debug|Win32
		{5399D8A0-844A-754F-9685-9FE2361D8054}.Debug DLL|ARM64.ActiveCfg = Debug|Win32
		{5399D8A0-844A-754F-9685-9FE2361D8054}.Debug DLL|ARM64.Build.0 = Debug|Win32
		{5399D8A0-844A-754F-9685-9FE2361D8054}.Debug DLL|Win32.ActiveCfg = Debug|Win32
		{5399D8A0-844A-754F-9685-9FE2361D8054}.Debug DLL|Win32.Build.0 = Debug|Win32
		{5399D8A0-844A-754F-9685-9FE2361D8054}.Debug DLL|x64.ActiveCfg = Debug|Win32
		{5399D8A0-844A-754F-9685-9FE2361D8054}.Debug DLL|x64.Build.0 = Debug|Win32
		{5399D8A0-844A-754F-9685-9FE2361D8054}.Debug Win64|ARM.ActiveCfg = Debug|Win32
		{5399D8A0-844A-754F-9685-9FE2361D8054}.Debug Win64|ARM.Build.0 = Debug|Win32
		{5399D8A0-844A-754F-9685-9FE2361D8054}.Debug Win64|ARM64.ActiveCfg = Debug|Win32
		{5399D8A0-844A-754F-9685-9FE2361D8054}.Debug Win64|ARM64.Build.0 = Debug|Win32
		{5399D8A0-844A-754F-9685-9FE2361D8054}.Debug Win64|Win32.ActiveCfg = Debug|Win32
		{5399D8A0-844A-754F-9685-9FE2361D8054}.Debug Win64|Win32.Build.0 = Debug|Win32
		{5399D8A0-844A-754F-9685-9FE2361D8054}.Debug Win64|x64.ActiveCfg = Debug|Win32
		{5399D8A0-844A-754F-9685-9FE2361D8054}.Debug Win64|x64.Build.0 = Debug|Win32
		{5399D8A0-844A-754F-9685-9FE2361D8054}.Debug wxDLL Win64|ARM.ActiveCfg = Debug|Win32
		{5399D8A0-844A-754F-9685-9FE2361D8054}.Debug wxDLL Win64|ARM.Build.0 = Debug|Win32
		{5399D8A0-844A-754F-9685-9FE2361D8054}.Debug wxDLL Win64|ARM64.ActiveCfg = Debug|Win32
		{5399D8A0-844A-754F-9685-9FE2361D8054}.Debug wxDLL Win64|ARM64.Build.0 = Debug|Win32
		{5399D8A0-844A-754F-9685-9FE2361D8054}.Debug wxDLL Win64|Win32.ActiveCfg = Debug|Win32
		{5399D8A0-844A-754F-9685-9FE2361D8054}.Debug wxDLL Win64|Win32.Build.0 = Debug|Win32
		{5399D8A0-844A-754F-9685-9FE2361D8054}.Debug wxDLL Win64|x64.ActiveCfg = Debug|Win32
		{5399D8A0-844A-754F-9685-9FE2361D8054}.Debug wxDLL Win64|x64.Build.0 = Debug|Win32
		{5399D8A0-844A-754F-9685-9FE2361D8054}.Debug wxDLL|ARM.ActiveCfg = Debug|Win32
		{5399D8A0-844A-754F-9685-9FE2361D8054}.Debug wxDLL|ARM.Build.0 = Debug|Win32
		{5399D8A0-844A-754F-9685-9FE2361D8054}.Debug wxDLL|ARM64.ActiveCfg = Debug|Win32
		{5399D8A0-844A-754F-9685-9FE2361D8054}.Debug wxDLL|ARM64.Build.0 = Debug|Win32
		{5399D8A0-844A-754F-9685-9FE2361D8054}.Debug wxDLL|Win32.ActiveCfg = Debug|Win32
		{5399D8A0-844A-754F-9685-9FE2361D8054}.Debug wxDLL|Win32.Build.0 = Debug|Win32
		{5399D8A0-844A-754F-9685-9FE2361D8054}.Debug wxDLL|x64.ActiveCfg = Debug|Win32
		{5399D8A0-844A-754F-9685-9FE2361D8054}.Debug wxDLL|x64.Build.0 = Debug|Win32
		{5399D8A0-844A-754F-9685-9FE2361D8054}.Debug|ARM.ActiveCfg = Debug|Win32
		{5399D8A0-844A-754F-9685-9FE2361D8054}.Debug|ARM64.ActiveCfg = Debug|Win32
		{5399D8A0-844A-754F-9685-9FE2361D8054}.Debug|Win32.ActiveCfg = Debug|Win32
		{5399D8A0-844A-754F-9685-9FE2361D8054}.Debug|Win32.Build.0 = Debug|Win32
		{5399D8A0-844A-754F-9685-9FE2361D8054}.Debug|x64.ActiveCfg = Debug|Win32
		{5399D8A0-844A-754F-9685-9FE2361D8054}.DLL Debug|ARM.ActiveCfg = Debug|Win32
		{5399D8A0-844A-754F-9685-9FE2361D8054}.DLL Debug|ARM.Build.0 = Debug|Win32
		{5399D8A0-844A-754F-9685-9FE2361D8054}.DLL Debug|ARM64.ActiveCfg = Debug|Win32
		{5399D8A0-844A-754F-9685-9FE2361D8054}.DLL Debug|ARM64.Build.0 = Debug|Win32
		{5399D8A0-844A-754F-9685-9FE2361D8054}.DLL Debug|Win32.ActiveCfg = Debug|Win32
		{5399D8A0-844A-754F-9685-9FE2361D8054}.DLL Debug|Win32.Build.0 = Debug|Win32
		{5399D8A0-844A-754F-9685-9FE2361D8054}.DLL Debug|x64.ActiveCfg = Debug|Win32
		{5399D8A0-844A-754F-9685-9FE2361D8054}.DLL Debug|x64.Build.0 = Debug|Win32
		{5399D8A0-844A-754F-9685-9FE2361D8054}.DLL Release|ARM.ActiveCfg = Debug|Win32
		{5399D8A0-844A-754F-9685-9FE2361D8054}.DLL Release|ARM.Build.0 = Debug|Win32
		{5399D8A0-844A-754F-9685-9FE2361D8054}.DLL Release|ARM64.ActiveCfg = Debug|Win32
		{5399D8A0-844A-754F-9685-9FE2361D8054}.DLL Release|ARM64.Build.0 = Debug|Win32
		{5399D8A0-844A-754F-9685-9FE2361D8054}.DLL Release|Win32.ActiveCfg = Release|Win32
		{5399D8A0-844A-754F-9685-9FE2361D8054}.DLL Release|Win32.Build.0 = Release|Win32
		{5399D8A0-844A-754F-9685-9FE2361D8054}.DLL Release|x64.ActiveCfg = Debug|Win32
		{5399D8A0-844A-754F-9685-9FE2361D8054}.DLL Release|x64.Build.0 = Debug|Win32
		{5399D8A0-844A-754F-9685-9FE2361D8054}.Release DLL Win64|ARM.ActiveCfg = Debug|Win32
		{5399D8A0-844A-754F-9685-9FE2361D8054}.Release DLL Win64|ARM.Build.0 = Debug|Win32
		{5399D8A0-844A-754F-9685-9FE2361D8054}.Release DLL Win64|ARM64.ActiveCfg = Debug|Win32
		{5399D8A0-844A-754F-9685-9FE2361D8054}.Release DLL Win64|ARM64.Build.0 = Debug|Win32
		{5399D8A0-844A-754F-9685-9FE2361D8054}.Release DLL Win64|Win32.ActiveCfg = Release|Win32
		{5399D8A0-844A-754F-9685-9FE2361D8054}.Release DLL Win64|Win32.Build.0 = Release|Win32
		{5399D8A0-844A-754F-9685-9FE2361D8054}.Release DLL Win64|x64.ActiveCfg = Debug|Win32
		{5399D8A0-844A-754F-9685-9FE2361D8054}.Release DLL Win64|x64.Build.0 = Debug|Win32
		{5399D8A0-844A-754F-9685-9FE2361D8054}.Release DLL|ARM.ActiveCfg = Debug|Win32
		{5399D8A0-844A-754F-9685-9FE2361D8054}.Release DLL|ARM.Build.0 = Debug|Win32
		{5399D8A0-844A-754F-9685-9FE2361D8054}.Release DLL|ARM64.ActiveCfg = Debug|Win32
		{5399D8A0-844A-754F-9685-9FE2361D8054}.Release DLL|ARM64.Build.0 = Debug|Win32
		{5399D8A0-844A-754F-9685-9FE2361D8054}.Release DLL|Win32.ActiveCfg = Release|Win32
		{5399D8A0-844A-754F-9685-9FE2361D8054}.Release DLL|Win32.Build.0 = Release|Win32
		{5399D8A0-844A-754F-9685-9FE2361D8054}.Release DLL|x64.ActiveCfg = Debug|Win32
		{5399D8A0-844A-754F-9685-9FE2361D8054}.Release DLL|x64.Build.0 = Debug|Win32
		{5399D8A0-844A-754F-9685-9FE2361D8054}.Release Win64|ARM.ActiveCfg = Debug|Win32
		{5399D8A0-844A-754F-9685-9FE2361D8054}.Release Win64|ARM.Build.0 = Debug|Win32
		{5399D8A0-844A-754F-9685-9FE2361D8054}.Release Win64|ARM64.ActiveCfg = Debug|Win32
		{5399D8A0-844A-754F-9685-9FE2361D8054}.Release Win64|ARM64.Build.0 = Debug|Win32
		{5399D8A0-844A-754F-9685-9FE2361D8054}.Release Win64|Win32.ActiveCfg = Release|Win32
		{5399D8A0-844A-754F-9685-9FE2361D8054}.Release Win64|Win32.Build.0 = Release|Win32
		{5399D8A0-844A-754F-9685-9FE2361D8054}.Release Win64|x64.ActiveCfg = Debug|Win32
		{5399D8A0-844A-754F-9685-9FE2361D8054}.Release Win64|x64.Build.0 = Debug|Win32
		{5399D8A0-844A-754F-9685-9FE2361D8054}.Release wxDLL Win64|ARM.ActiveCfg = Debug|Win32
		{5399D8A0-844A-754F-9685-9FE2361D8054}.Release wxDLL Win64|ARM.Build.0 = Debug|Win32
		{5399D8A0-844A-754F-9685-9FE2361D8054}.Release wxDLL Win64|ARM64.ActiveCfg = Debug|Win32
		{5399D8A0-844A-754F-9685-9FE2361D8054}.Release wxDLL Win64|ARM64.Build.0 = Debug|Win32
		{5399D8A0-844A-754F-9685-9FE2361D8054}.Release wxDLL Win64|Win32.ActiveCfg = Release|Win32
		{5399D8A0-844A-754F-9685-9FE2361D8054}.Release wxDLL Win64|Win32.Build.0 = Release|Win32
		{5399D8A0-844A-754F-9685-9FE2361D8054}.Release wxDLL Win64|x64.ActiveCfg = Debug|Win32
		{5399D8A0-844A-754F-9685-9FE2361D8054}.Release wxDLL Win64|x64.Build.0 = Debug|Win32
		{5399D8A0-844A-754F-9685-9FE2361D8054}.Release wxDLL|ARM.ActiveCfg = Debug|Win32
		{5399D8A0-844A-754F-9685-9FE2361D8054}.Release wxDLL|ARM.Build.0 = Debug|Win32
		{5399D8A0-844A-754F-9685-9FE2361D8054}.Release wxDLL|ARM64.ActiveCfg = Debug|Win32
		{5399D8A0-844A-754F-9685-9FE2361D8054}.Release wxDLL|ARM64.Build.0 = Debug|Win32
		{5399D8A0-844A-754F-9685-9FE2361D8054}.Release wxDLL|Win32.ActiveCfg = Release|Win32
		{5399D8A0-844A-754F-9685-9FE2361D8054}.Release wxDLL|Win32.Build.0 = Release|Win32
		{5399D8A0-844A-754F-9685-9FE2361D8054}.Release wxDLL|x64.ActiveCfg = Debug|Win32
		{5399D8A0-844A-754F-9685-9FE2361D8054}.Release wxDLL|x64.Build.0 = Debug|Win32
		{5399D8A0-844A-754F-9685-9FE2361D8054}.Release|ARM.ActiveCfg = Release|Win32
		{5399D8A0-844A-754F-9685-9FE2361D8054}.Release|ARM64.ActiveCfg = Release|Win32
		{5399D8A0-844A-754F-9685-9FE2361D8054}.Release|Win32.ActiveCfg = Release|Win32
		{5399D8A0-844A-754F-9685-9FE2361D8054}.Release|Win32.Build.0 = Release|Win32
		{5399D8A0-844A-754F-9685-9FE2361D8054}.Release|x64.ActiveCfg = Release|Win32
	EndGlobalSection
	GlobalSection(SolutionProperties) = preSolution
		HideSolutionNode = FALSE
	EndGlobalSection
	GlobalSection(ExtensibilityGlobals) = postSolution
		SolutionGuid = {8A9167C2-145C-4F4F-93B5-3881CE6EDE48}
	EndGlobalSection
EndGlobal
