<?xml version="1.0" encoding="utf-8"?>
<Project ToolsVersion="4.0" xmlns="http://schemas.microsoft.com/developer/msbuild/2003">
  <ItemGroup>
    <Filter Include="Source Files">
      <UniqueIdentifier>{4FC737F1-C7A5-4376-A066-2A32D752A2FF}</UniqueIdentifier>
      <Extensions>cpp;c;cc;cxx;def;odl;idl;hpj;bat;asm;asmx</Extensions>
    </Filter>
    <Filter Include="Resource Files">
      <UniqueIdentifier>{67DA6AB6-F800-4c08-8B7A-83BB121AAD01}</UniqueIdentifier>
      <Extensions>rc;ico;cur;bmp;dlg;rc2;rct;bin;rgs;gif;jpg;jpeg;jpe;resx;tiff;tif;png;wav</Extensions>
    </Filter>
    <Filter Include="Header Files">
      <UniqueIdentifier>{28f3cd53-1c50-4c99-81e4-bf5a0ac18956}</UniqueIdentifier>
      <Extensions>h</Extensions>
    </Filter>
  </ItemGroup>
  <ItemGroup>
    <ResourceCompile Include="Resource\resource.rc">
      <Filter>Resource Files</Filter>
    </ResourceCompile>
  </ItemGroup>
  <ItemGroup>
    <ClCompile Include="src\ChapterCreator.cpp">
      <Filter>Source Files</Filter>
    </ClCompile>
    <ClCompile Include="src\ChaptersGrid.cpp">
      <Filter>Source Files</Filter>
    </ClCompile>
    <ClCompile Include="src\ChaptersNotebook.cpp">
      <Filter>Source Files</Filter>
    </ClCompile>
    <ClCompile Include="src\ChapterWriter.cpp">
      <Filter>Source Files</Filter>
    </ClCompile>
    <ClCompile Include="src\Corkboard.cpp">
      <Filter>Source Files</Filter>
    </ClCompile>
    <ClCompile Include="src\DragList.cpp">
      <Filter>Source Files</Filter>
    </ClCompile>
    <ClCompile Include="src\ImagePanel.cpp">
      <Filter>Source Files</Filter>
    </ClCompile>
    <ClCompile Include="src\MainFrame.cpp">
      <Filter>Source Files</Filter>
    </ClCompile>
    <ClCompile Include="src\MyApp.cpp">
      <Filter>Source Files</Filter>
    </ClCompile>
    <ClCompile Include="src\Note.cpp">
      <Filter>Source Files</Filter>
    </ClCompile>
    <ClCompile Include="src\Outline.cpp">
      <Filter>Source Files</Filter>
    </ClCompile>
    <ClCompile Include="src\Release.cpp">
      <Filter>Source Files</Filter>
    </ClCompile>
    <ClCompile Include="src\NoteShape.cpp">
      <Filter>Source Files</Filter>
    </ClCompile>
    <ClCompile Include="src\AutoWrapTextShape.cpp">
      <Filter>Source Files</Filter>
    </ClCompile>
    <ClCompile Include="src\ImageShape.cpp">
      <Filter>Source Files</Filter>
    </ClCompile>
    <ClCompile Include="src\OutlineFiles.cpp">
      <Filter>Source Files</Filter>
    </ClCompile>
    <ClCompile Include="src\ElementsNotebook.cpp">
      <Filter>Source Files</Filter>
    </ClCompile>
    <ClCompile Include="src\ElementCreators.cpp">
      <Filter>Source Files</Filter>
    </ClCompile>
    <ClCompile Include="src\ElementShowcases.cpp">
      <Filter>Source Files</Filter>
    </ClCompile>
    <ClCompile Include="src\ProjectWizard.cpp">
      <Filter>Source Files</Filter>
    </ClCompile>
    <ClCompile Include="src\ProjectManager.cpp">
      <Filter>Source Files</Filter>
    </ClCompile>
    <ClCompile Include="src\BookElements.cpp">
      <Filter>Source Files</Filter>
    </ClCompile>
    <ClCompile Include="src\StoryElements.cpp">
      <Filter>Source Files</Filter>
    </ClCompile>
  </ItemGroup>
  <ItemGroup>
    <ClInclude Include="src\ChapterCreator.h">
      <Filter>Header Files</Filter>
    </ClInclude>
    <ClInclude Include="src\ChaptersGrid.h">
      <Filter>Header Files</Filter>
    </ClInclude>
    <ClInclude Include="src\ChaptersNotebook.h">
      <Filter>Header Files</Filter>
    </ClInclude>
    <ClInclude Include="src\ChapterWriter.h">
      <Filter>Header Files</Filter>
    </ClInclude>
    <ClInclude Include="src\Corkboard.h">
      <Filter>Header Files</Filter>
    </ClInclude>
    <ClInclude Include="src\DragList.h">
      <Filter>Header Files</Filter>
    </ClInclude>
    <ClInclude Include="src\ImagePanel.h">
      <Filter>Header Files</Filter>
    </ClInclude>
    <ClInclude Include="src\MainFrame.h">
      <Filter>Header Files</Filter>
    </ClInclude>
    <ClInclude Include="src\MyApp.h">
      <Filter>Header Files</Filter>
    </ClInclude>
    <ClInclude Include="src\Note.h">
      <Filter>Header Files</Filter>
    </ClInclude>
    <ClInclude Include="src\Outline.h">
      <Filter>Header Files</Filter>
    </ClInclude>
    <ClInclude Include="src\Release.h">
      <Filter>Header Files</Filter>
    </ClInclude>
    <ClInclude Include="Resource\resource.h">
      <Filter>Header Files</Filter>
    </ClInclude>
    <ClInclude Include="src\wxmemdbg.h">
      <Filter>Header Files</Filter>
    </ClInclude>
    <ClInclude Include="src\NoteShape.h">
      <Filter>Header Files</Filter>
    </ClInclude>
    <ClInclude Include="src\AutoWrapTextShape.h">
      <Filter>Header Files</Filter>
    </ClInclude>
    <ClInclude Include="src\ImageShape.h">
      <Filter>Header Files</Filter>
    </ClInclude>
    <ClInclude Include="src\OutlineFiles.h">
      <Filter>Header Files</Filter>
    </ClInclude>
    <ClInclude Include="src\ElementsNotebook.h">
      <Filter>Header Files</Filter>
    </ClInclude>
    <ClInclude Include="src\ElementCreators.h">
      <Filter>Header Files</Filter>
    </ClInclude>
    <ClInclude Include="src\ElementShowcases.h">
      <Filter>Header Files</Filter>
    </ClInclude>
    <ClInclude Include="src\ProjectWizard.h">
      <Filter>Header Files</Filter>
    </ClInclude>
    <ClInclude Include="src\ProjectManager.h">
      <Filter>Header Files</Filter>
    </ClInclude>
    <ClInclude Include="src\BookElements.h">
      <Filter>Header Files</Filter>
    </ClInclude>
    <ClInclude Include="src\StoryElements.h">
      <Filter>Header Files</Filter>
    </ClInclude>
    <ClInclude Include="src\Document.h">
      <Filter>Header Files</Filter>
    </ClInclude>
  </ItemGroup>
  <ItemGroup>
    <None Include="..\resource.bin">
      <Filter>Resource Files</Filter>
    </None>
    <None Include="cpp.hint" />
  </ItemGroup>
</Project>